
Microsoft Visual Studio Solution File, Format Version 12.00
# Visual Studio Version 16
VisualStudioVersion = 16.0.32106.194
MinimumVisualStudioVersion = 10.0.40219.1
Project("{FAE04EC0-301F-11D3-BF4B-00C04F79EFBC}") = "ReGex_UserRegistration", "ReGex_UserRegistration.csproj", "{B8B52DD5-5F4F-4869-972E-BB8870A2B84F}"
EndProject
Global
	GlobalSection(SolutionConfigurationPlatforms) = preSolution
		Debug|Any CPU = Debug|Any CPU
		Release|Any CPU = Release|Any CPU
	EndGlobalSection
	GlobalSection(ProjectConfigurationPlatforms) = postSolution
		{B8B52DD5-5F4F-4869-972E-BB8870A2B84F}.Debug|Any CPU.ActiveCfg = Debug|Any CPU
		{B8B52DD5-5F4F-4869-972E-BB8870A2B84F}.Debug|Any CPU.Build.0 = Debug|Any CPU
		{B8B52DD5-5F4F-4869-972E-BB8870A2B84F}.Release|Any CPU.ActiveCfg = Release|Any CPU
		{B8B52DD5-5F4F-4869-972E-BB8870A2B84F}.Release|Any CPU.Build.0 = Release|Any CPU
	EndGlobalSection
	GlobalSection(SolutionProperties) = preSolution
		HideSolutionNode = FALSE
	EndGlobalSection
	GlobalSection(ExtensibilityGlobals) = postSolution
		SolutionGuid = {F13011E7-4D95-481C-88D9-591CBF5B1BC1}
	EndGlobalSection
EndGlobal
